
Microsoft Visual Studio Solution File, Format Version 12.00
# Visual Studio Version 17
VisualStudioVersion = 17.7.34031.279
MinimumVisualStudioVersion = 10.0.40219.1
Project("{FAE04EC0-301F-11D3-BF4B-00C04F79EFBC}") = "MyAcademyCarBook.EntityLayer", "MyAcademyCarBook.EntityLayer\MyAcademyCarBook.EntityLayer.csproj", "{C40F14C6-51AF-44F8-AA0E-E4CB16B0A791}"
EndProject
Project("{FAE04EC0-301F-11D3-BF4B-00C04F79EFBC}") = "MyAcademyCarBook.DataAccessLayer", "MyAcademyCarBook.DataAccessLayer\MyAcademyCarBook.DataAccessLayer.csproj", "{4EE14C03-F6D6-4307-A1AA-EA282CB4AA7A}"
EndProject
Project("{FAE04EC0-301F-11D3-BF4B-00C04F79EFBC}") = "MyAcademyCarBook.BusinessLayer", "MyAcademyCarBook.BusinessLayer\MyAcademyCarBook.BusinessLayer.csproj", "{B1E44DD8-A0CE-4EC7-99D8-5BC309C34E98}"
EndProject
Project("{FAE04EC0-301F-11D3-BF4B-00C04F79EFBC}") = "MyAcademyCarBook.DtoLayer", "MyAcademyCarBook.DtoLayer\MyAcademyCarBook.DtoLayer.csproj", "{A5D9FCE1-61E7-4399-9173-4D28B33B2CC4}"
EndProject
Project("{FAE04EC0-301F-11D3-BF4B-00C04F79EFBC}") = "MyAcademyCarBook.PresentationLayer", "MyAcademyCarBook.PresentationLayer\MyAcademyCarBook.PresentationLayer.csproj", "{AEFECBD6-2161-4697-8F93-538057EE4A3B}"
EndProject
Global
	GlobalSection(SolutionConfigurationPlatforms) = preSolution
		Debug|Any CPU = Debug|Any CPU
		Release|Any CPU = Release|Any CPU
	EndGlobalSection
	GlobalSection(ProjectConfigurationPlatforms) = postSolution
		{C40F14C6-51AF-44F8-AA0E-E4CB16B0A791}.Debug|Any CPU.ActiveCfg = Debug|Any CPU
		{C40F14C6-51AF-44F8-AA0E-E4CB16B0A791}.Debug|Any CPU.Build.0 = Debug|Any CPU
		{C40F14C6-51AF-44F8-AA0E-E4CB16B0A791}.Release|Any CPU.ActiveCfg = Release|Any CPU
		{C40F14C6-51AF-44F8-AA0E-E4CB16B0A791}.Release|Any CPU.Build.0 = Release|Any CPU
		{4EE14C03-F6D6-4307-A1AA-EA282CB4AA7A}.Debug|Any CPU.ActiveCfg = Debug|Any CPU
		{4EE14C03-F6D6-4307-A1AA-EA282CB4AA7A}.Debug|Any CPU.Build.0 = Debug|Any CPU
		{4EE14C03-F6D6-4307-A1AA-EA282CB4AA7A}.Release|Any CPU.ActiveCfg = Release|Any CPU
		{4EE14C03-F6D6-4307-A1AA-EA282CB4AA7A}.Release|Any CPU.Build.0 = Release|Any CPU
		{B1E44DD8-A0CE-4EC7-99D8-5BC309C34E98}.Debug|Any CPU.ActiveCfg = Debug|Any CPU
		{B1E44DD8-A0CE-4EC7-99D8-5BC309C34E98}.Debug|Any CPU.Build.0 = Debug|Any CPU
		{B1E44DD8-A0CE-4EC7-99D8-5BC309C34E98}.Release|Any CPU.ActiveCfg = Release|Any CPU
		{B1E44DD8-A0CE-4EC7-99D8-5BC309C34E98}.Release|Any CPU.Build.0 = Release|Any CPU
		{A5D9FCE1-61E7-4399-9173-4D28B33B2CC4}.Debug|Any CPU.ActiveCfg = Debug|Any CPU
		{A5D9FCE1-61E7-4399-9173-4D28B33B2CC4}.Debug|Any CPU.Build.0 = Debug|Any CPU
		{A5D9FCE1-61E7-4399-9173-4D28B33B2CC4}.Release|Any CPU.ActiveCfg = Release|Any CPU
		{A5D9FCE1-61E7-4399-9173-4D28B33B2CC4}.Release|Any CPU.Build.0 = Release|Any CPU
		{AEFECBD6-2161-4697-8F93-538057EE4A3B}.Debug|Any CPU.ActiveCfg = Debug|Any CPU
		{AEFECBD6-2161-4697-8F93-538057EE4A3B}.Debug|Any CPU.Build.0 = Debug|Any CPU
		{AEFECBD6-2161-4697-8F93-538057EE4A3B}.Release|Any CPU.ActiveCfg = Release|Any CPU
		{AEFECBD6-2161-4697-8F93-538057EE4A3B}.Release|Any CPU.Build.0 = Release|Any CPU
	EndGlobalSection
	GlobalSection(SolutionProperties) = preSolution
		HideSolutionNode = FALSE
	EndGlobalSection
	GlobalSection(ExtensibilityGlobals) = postSolution
		SolutionGuid = {BCEB66A6-4844-4618-89B2-F2A26D7650B9}
	EndGlobalSection
EndGlobal
